
Microsoft Visual Studio Solution File, Format Version 12.00
# Visual Studio Version 17
VisualStudioVersion = 17.3.32819.101
MinimumVisualStudioVersion = 10.0.40219.1
Project("{FAE04EC0-301F-11D3-BF4B-00C04F79EFBC}") = "Assignment3", "Assignment3\Assignment3.csproj", "{678F4C79-E771-42A6-8CB1-9AC13025EBE1}"
EndProject
Global
	GlobalSection(SolutionConfigurationPlatforms) = preSolution
		Debug|Any CPU = Debug|Any CPU
		Release|Any CPU = Release|Any CPU
	EndGlobalSection
	GlobalSection(ProjectConfigurationPlatforms) = postSolution
		{678F4C79-E771-42A6-8CB1-9AC13025EBE1}.Debug|Any CPU.ActiveCfg = Debug|Any CPU
		{678F4C79-E771-42A6-8CB1-9AC13025EBE1}.Debug|Any CPU.Build.0 = Debug|Any CPU
		{678F4C79-E771-42A6-8CB1-9AC13025EBE1}.Release|Any CPU.ActiveCfg = Release|Any CPU
		{678F4C79-E771-42A6-8CB1-9AC13025EBE1}.Release|Any CPU.Build.0 = Release|Any CPU
	EndGlobalSection
	GlobalSection(SolutionProperties) = preSolution
		HideSolutionNode = FALSE
	EndGlobalSection
	GlobalSection(ExtensibilityGlobals) = postSolution
		SolutionGuid = {46D8458C-E951-4939-AC8F-2DC888980ABA}
	EndGlobalSection
EndGlobal
